
Microsoft Visual Studio Solution File, Format Version 12.00
# Visual Studio Version 16
VisualStudioVersion = 16.0.32602.291
MinimumVisualStudioVersion = 10.0.40219.1
Project("{FAE04EC0-301F-11D3-BF4B-00C04F79EFBC}") = "StudentSystem", "StudentSystem\StudentSystem.csproj", "{25DE6549-B35F-4C54-B45F-A6FF90C7E4F1}"
EndProject
Global
	GlobalSection(SolutionConfigurationPlatforms) = preSolution
		Debug|Any CPU = Debug|Any CPU
		Release|Any CPU = Release|Any CPU
	EndGlobalSection
	GlobalSection(ProjectConfigurationPlatforms) = postSolution
		{25DE6549-B35F-4C54-B45F-A6FF90C7E4F1}.Debug|Any CPU.ActiveCfg = Debug|Any CPU
		{25DE6549-B35F-4C54-B45F-A6FF90C7E4F1}.Debug|Any CPU.Build.0 = Debug|Any CPU
		{25DE6549-B35F-4C54-B45F-A6FF90C7E4F1}.Release|Any CPU.ActiveCfg = Release|Any CPU
		{25DE6549-B35F-4C54-B45F-A6FF90C7E4F1}.Release|Any CPU.Build.0 = Release|Any CPU
	EndGlobalSection
	GlobalSection(SolutionProperties) = preSolution
		HideSolutionNode = FALSE
	EndGlobalSection
	GlobalSection(ExtensibilityGlobals) = postSolution
		SolutionGuid = {F51DB038-0E90-4304-A597-74D6325EA698}
	EndGlobalSection
EndGlobal
