
Microsoft Visual Studio Solution File, Format Version 12.00
# Visual Studio Version 16
VisualStudioVersion = 16.0.32602.291
MinimumVisualStudioVersion = 10.0.40219.1
Project("{FAE04EC0-301F-11D3-BF4B-00C04F79EFBC}") = "DbFirstDemo", "DbFirstDemo\DbFirstDemo.csproj", "{CF6236C2-0F2F-413D-B259-ED949C2A4920}"
EndProject
Global
	GlobalSection(SolutionConfigurationPlatforms) = preSolution
		Debug|Any CPU = Debug|Any CPU
		Release|Any CPU = Release|Any CPU
	EndGlobalSection
	GlobalSection(ProjectConfigurationPlatforms) = postSolution
		{CF6236C2-0F2F-413D-B259-ED949C2A4920}.Debug|Any CPU.ActiveCfg = Debug|Any CPU
		{CF6236C2-0F2F-413D-B259-ED949C2A4920}.Debug|Any CPU.Build.0 = Debug|Any CPU
		{CF6236C2-0F2F-413D-B259-ED949C2A4920}.Release|Any CPU.ActiveCfg = Release|Any CPU
		{CF6236C2-0F2F-413D-B259-ED949C2A4920}.Release|Any CPU.Build.0 = Release|Any CPU
	EndGlobalSection
	GlobalSection(SolutionProperties) = preSolution
		HideSolutionNode = FALSE
	EndGlobalSection
	GlobalSection(ExtensibilityGlobals) = postSolution
		SolutionGuid = {E30A563B-4EDF-4A00-BADF-C693D9A810BE}
	EndGlobalSection
EndGlobal
