
Microsoft Visual Studio Solution File, Format Version 12.00
# Visual Studio Version 16
VisualStudioVersion = 16.0.32602.291
MinimumVisualStudioVersion = 10.0.40219.1
Project("{FAE04EC0-301F-11D3-BF4B-00C04F79EFBC}") = "BookShopSchool", "BookShopSchool\BookShopSchool.csproj", "{CEC20778-9FC7-4E53-9B41-4CAE04AD7D91}"
EndProject
Global
	GlobalSection(SolutionConfigurationPlatforms) = preSolution
		Debug|Any CPU = Debug|Any CPU
		Release|Any CPU = Release|Any CPU
	EndGlobalSection
	GlobalSection(ProjectConfigurationPlatforms) = postSolution
		{CEC20778-9FC7-4E53-9B41-4CAE04AD7D91}.Debug|Any CPU.ActiveCfg = Debug|Any CPU
		{CEC20778-9FC7-4E53-9B41-4CAE04AD7D91}.Debug|Any CPU.Build.0 = Debug|Any CPU
		{CEC20778-9FC7-4E53-9B41-4CAE04AD7D91}.Release|Any CPU.ActiveCfg = Release|Any CPU
		{CEC20778-9FC7-4E53-9B41-4CAE04AD7D91}.Release|Any CPU.Build.0 = Release|Any CPU
	EndGlobalSection
	GlobalSection(SolutionProperties) = preSolution
		HideSolutionNode = FALSE
	EndGlobalSection
	GlobalSection(ExtensibilityGlobals) = postSolution
		SolutionGuid = {5A47FDDC-1CDB-49FB-B648-ACD47431924E}
	EndGlobalSection
EndGlobal
