
Microsoft Visual Studio Solution File, Format Version 12.00
# Visual Studio Version 16
VisualStudioVersion = 16.0.32602.291
MinimumVisualStudioVersion = 10.0.40219.1
Project("{FAE04EC0-301F-11D3-BF4B-00C04F79EFBC}") = "EmployeeConsoleApp", "UprajneniePrilojenie\EmployeeConsoleApp.csproj", "{C6B902CD-E381-480D-A9D2-09F8584BCF2E}"
EndProject
Project("{FAE04EC0-301F-11D3-BF4B-00C04F79EFBC}") = "Data", "Data\Data.csproj", "{B4E647C4-1DBF-49BC-99E0-083EAF9CE3D1}"
EndProject
Project("{FAE04EC0-301F-11D3-BF4B-00C04F79EFBC}") = "Business", "Business\Business.csproj", "{6E7EE3B4-22AA-4B2F-9FDE-FECE0C82789C}"
EndProject
Global
	GlobalSection(SolutionConfigurationPlatforms) = preSolution
		Debug|Any CPU = Debug|Any CPU
		Release|Any CPU = Release|Any CPU
	EndGlobalSection
	GlobalSection(ProjectConfigurationPlatforms) = postSolution
		{C6B902CD-E381-480D-A9D2-09F8584BCF2E}.Debug|Any CPU.ActiveCfg = Debug|Any CPU
		{C6B902CD-E381-480D-A9D2-09F8584BCF2E}.Debug|Any CPU.Build.0 = Debug|Any CPU
		{C6B902CD-E381-480D-A9D2-09F8584BCF2E}.Release|Any CPU.ActiveCfg = Release|Any CPU
		{C6B902CD-E381-480D-A9D2-09F8584BCF2E}.Release|Any CPU.Build.0 = Release|Any CPU
		{B4E647C4-1DBF-49BC-99E0-083EAF9CE3D1}.Debug|Any CPU.ActiveCfg = Debug|Any CPU
		{B4E647C4-1DBF-49BC-99E0-083EAF9CE3D1}.Debug|Any CPU.Build.0 = Debug|Any CPU
		{B4E647C4-1DBF-49BC-99E0-083EAF9CE3D1}.Release|Any CPU.ActiveCfg = Release|Any CPU
		{B4E647C4-1DBF-49BC-99E0-083EAF9CE3D1}.Release|Any CPU.Build.0 = Release|Any CPU
		{6E7EE3B4-22AA-4B2F-9FDE-FECE0C82789C}.Debug|Any CPU.ActiveCfg = Debug|Any CPU
		{6E7EE3B4-22AA-4B2F-9FDE-FECE0C82789C}.Debug|Any CPU.Build.0 = Debug|Any CPU
		{6E7EE3B4-22AA-4B2F-9FDE-FECE0C82789C}.Release|Any CPU.ActiveCfg = Release|Any CPU
		{6E7EE3B4-22AA-4B2F-9FDE-FECE0C82789C}.Release|Any CPU.Build.0 = Release|Any CPU
	EndGlobalSection
	GlobalSection(SolutionProperties) = preSolution
		HideSolutionNode = FALSE
	EndGlobalSection
	GlobalSection(ExtensibilityGlobals) = postSolution
		SolutionGuid = {5A477FF1-7EA7-43DB-9250-DF3BAFFF9FC6}
	EndGlobalSection
EndGlobal
